
Microsoft Visual Studio Solution File, Format Version 12.00
# Visual Studio Version 17
VisualStudioVersion = 17.14.36414.22
MinimumVisualStudioVersion = 10.0.40219.1
Project("{FAE04EC0-301F-11D3-BF4B-00C04F79EFBC}") = "WhatToCook.DAL", "WhatToCook.DAL\WhatToCook.DAL.csproj", "{BF2591DB-7BF8-4917-AA9B-4817CF43879A}"
EndProject
Project("{FAE04EC0-301F-11D3-BF4B-00C04F79EFBC}") = "WhatToCook.BLL", "WhatToCook.BLL\WhatToCook.BLL.csproj", "{3BC05D71-8271-49E5-A591-45055BEFE083}"
EndProject
Project("{FAE04EC0-301F-11D3-BF4B-00C04F79EFBC}") = "WhatToCook.API", "WhatToCook.API\WhatToCook.API.csproj", "{CF8DD9EE-2676-4CE7-BBEE-276F736437CF}"
EndProject
Project("{FAE04EC0-301F-11D3-BF4B-00C04F79EFBC}") = "WhatToCook.MAUI", "WhatToCook.MAUI\WhatToCook.MAUI.csproj", "{BA83472B-DB40-4415-9773-2BD1F998D3E7}"
EndProject
Global
	GlobalSection(SolutionConfigurationPlatforms) = preSolution
		Debug|Any CPU = Debug|Any CPU
		Release|Any CPU = Release|Any CPU
	EndGlobalSection
	GlobalSection(ProjectConfigurationPlatforms) = postSolution
		{BF2591DB-7BF8-4917-AA9B-4817CF43879A}.Debug|Any CPU.ActiveCfg = Debug|Any CPU
		{BF2591DB-7BF8-4917-AA9B-4817CF43879A}.Debug|Any CPU.Build.0 = Debug|Any CPU
		{BF2591DB-7BF8-4917-AA9B-4817CF43879A}.Release|Any CPU.ActiveCfg = Release|Any CPU
		{BF2591DB-7BF8-4917-AA9B-4817CF43879A}.Release|Any CPU.Build.0 = Release|Any CPU
		{3BC05D71-8271-49E5-A591-45055BEFE083}.Debug|Any CPU.ActiveCfg = Debug|Any CPU
		{3BC05D71-8271-49E5-A591-45055BEFE083}.Debug|Any CPU.Build.0 = Debug|Any CPU
		{3BC05D71-8271-49E5-A591-45055BEFE083}.Release|Any CPU.ActiveCfg = Release|Any CPU
		{3BC05D71-8271-49E5-A591-45055BEFE083}.Release|Any CPU.Build.0 = Release|Any CPU
		{CF8DD9EE-2676-4CE7-BBEE-276F736437CF}.Debug|Any CPU.ActiveCfg = Debug|Any CPU
		{CF8DD9EE-2676-4CE7-BBEE-276F736437CF}.Debug|Any CPU.Build.0 = Debug|Any CPU
		{CF8DD9EE-2676-4CE7-BBEE-276F736437CF}.Release|Any CPU.ActiveCfg = Release|Any CPU
		{CF8DD9EE-2676-4CE7-BBEE-276F736437CF}.Release|Any CPU.Build.0 = Release|Any CPU
		{BA83472B-DB40-4415-9773-2BD1F998D3E7}.Debug|Any CPU.ActiveCfg = Debug|Any CPU
		{BA83472B-DB40-4415-9773-2BD1F998D3E7}.Debug|Any CPU.Build.0 = Debug|Any CPU
		{BA83472B-DB40-4415-9773-2BD1F998D3E7}.Debug|Any CPU.Deploy.0 = Debug|Any CPU
		{BA83472B-DB40-4415-9773-2BD1F998D3E7}.Release|Any CPU.ActiveCfg = Release|Any CPU
		{BA83472B-DB40-4415-9773-2BD1F998D3E7}.Release|Any CPU.Build.0 = Release|Any CPU
		{BA83472B-DB40-4415-9773-2BD1F998D3E7}.Release|Any CPU.Deploy.0 = Release|Any CPU
	EndGlobalSection
	GlobalSection(SolutionProperties) = preSolution
		HideSolutionNode = FALSE
	EndGlobalSection
	GlobalSection(ExtensibilityGlobals) = postSolution
		SolutionGuid = {7F5ABD0D-8241-493E-9B99-27F14A49A296}
	EndGlobalSection
EndGlobal
